// !$*UTF8*$!
{
	archiveVersion = 1;
	classes = {
	};
	objectVersion = 50;
	objects = {

/* Begin PBXBuildFile section */
		B3EA20C22508B8C800ED0C65 /* AppDelegate.m in Sources */ = {isa = PBXBuildFile; fileRef = B3EA20C12508B8C800ED0C65 /* AppDelegate.m */; };
		B3EA20C52508B8C800ED0C65 /* SceneDelegate.m in Sources */ = {isa = PBXBuildFile; fileRef = B3EA20C42508B8C800ED0C65 /* SceneDelegate.m */; };
		B3EA20C82508B8C800ED0C65 /* ViewController.m in Sources */ = {isa = PBXBuildFile; fileRef = B3EA20C72508B8C800ED0C65 /* ViewController.m */; };
		B3EA20CB2508B8C800ED0C65 /* Main.storyboard in Resources */ = {isa = PBXBuildFile; fileRef = B3EA20C92508B8C800ED0C65 /* Main.storyboard */; };
		B3EA20CD2508B8CB00ED0C65 /* Assets.xcassets in Resources */ = {isa = PBXBuildFile; fileRef = B3EA20CC2508B8CB00ED0C65 /* Assets.xcassets */; };
		B3EA20D02508B8CB00ED0C65 /* LaunchScreen.storyboard in Resources */ = {isa = PBXBuildFile; fileRef = B3EA20CE2508B8CB00ED0C65 /* LaunchScreen.storyboard */; };
		B3EA20D32508B8CB00ED0C65 /* main.m in Sources */ = {isa = PBXBuildFile; fileRef = B3EA20D22508B8CB00ED0C65 /* main.m */; };
/* End PBXBuildFile section */

/* Begin PBXFileReference section */
		B3EA20BD2508B8C800ED0C65 /* SingleView.app */ = {isa = PBXFileReference; explicitFileType = wrapper.application; includeInIndex = 0; path = SingleView.app; sourceTree = BUILT_PRODUCTS_DIR; };
		B3EA20C02508B8C800ED0C65 /* AppDelegate.h */ = {isa = PBXFileReference; lastKnownFileType = sourcecode.c.h; path = AppDelegate.h; sourceTree = "<group>"; };
		B3EA20C12508B8C800ED0C65 /* AppDelegate.m */ = {isa = PBXFileReference; lastKnownFileType = sourcecode.c.objc; path = AppDelegate.m; sourceTree = "<group>"; };
		B3EA20C32508B8C800ED0C65 /* SceneDelegate.h */ = {isa = PBXFileReference; lastKnownFileType = sourcecode.c.h; path = SceneDelegate.h; sourceTree = "<group>"; };
		B3EA20C42508B8C800ED0C65 /* SceneDelegate.m */ = {isa = PBXFileReference; lastKnownFileType = sourcecode.c.objc; path = SceneDelegate.m; sourceTree = "<group>"; };
		B3EA20C62508B8C800ED0C65 /* ViewController.h */ = {isa = PBXFileReference; lastKnownFileType = sourcecode.c.h; path = ViewController.h; sourceTree = "<group>"; };
		B3EA20C72508B8C800ED0C65 /* ViewController.m */ = {isa = PBXFileReference; lastKnownFileType = sourcecode.c.objc; path = ViewController.m; sourceTree = "<group>"; };
		B3EA20CA2508B8C800ED0C65 /* Base */ = {isa = PBXFileReference; lastKnownFileType = file.storyboard; name = Base; path = Base.lproj/Main.storyboard; sourceTree = "<group>"; };
		B3EA20CC2508B8CB00ED0C65 /* Assets.xcassets */ = {isa = PBXFileReference; lastKnownFileType = folder.assetcatalog; path = Assets.xcassets; sourceTree = "<group>"; };
		B3EA20CF2508B8CB00ED0C65 /* Base */ = {isa = PBXFileReference; lastKnownFileType = file.storyboard; name = Base; path = Base.lproj/LaunchScreen.storyboard; sourceTree = "<group>"; };
		B3EA20D12508B8CB00ED0C65 /* Info.plist */ = {isa = PBXFileReference; lastKnownFileType = text.plist.xml; path = Info.plist; sourceTree = "<group>"; };
		B3EA20D22508B8CB00ED0C65 /* main.m */ = {isa = PBXFileReference; lastKnownFileType = sourcecode.c.objc; path = main.m; sourceTree = "<group>"; };
/* End PBXFileReference section */

/* Begin PBXFrameworksBuildPhase section */
		B3EA20BA2508B8C800ED0C65 /* Frameworks */ = {
			isa = PBXFrameworksBuildPhase;
			buildActionMask = 2147483647;
			files = (
			);
			runOnlyForDeploymentPostprocessing = 0;
		};
/* End PBXFrameworksBuildPhase section */

/* Begin PBXGroup section */
		B3EA20B42508B8C800ED0C65 = {
			isa = PBXGroup;
			children = (
				B3EA20BF2508B8C800ED0C65 /* SingleView */,
				B3EA20BE2508B8C800ED0C65 /* Products */,
			);
			sourceTree = "<group>";
		};
		B3EA20BE2508B8C800ED0C65 /* Products */ = {
			isa = PBXGroup;
			children = (
				B3EA20BD2508B8C800ED0C65 /* SingleView.app */,
			);
			name = Products;
			sourceTree = "<group>";
		};
		B3EA20BF2508B8C800ED0C65 /* SingleView */ = {
			isa = PBXGroup;
			children = (
				B3EA20C02508B8C800ED0C65 /* AppDelegate.h */,
				B3EA20C12508B8C800ED0C65 /* AppDelegate.m */,
				B3EA20C32508B8C800ED0C65 /* SceneDelegate.h */,
				B3EA20C42508B8C800ED0C65 /* SceneDelegate.m */,
				B3EA20C62508B8C800ED0C65 /* ViewController.h */,
				B3EA20C72508B8C800ED0C65 /* ViewController.m */,
				B3EA20C92508B8C800ED0C65 /* Main.storyboard */,
				B3EA20CC2508B8CB00ED0C65 /* Assets.xcassets */,
				B3EA20CE2508B8CB00ED0C65 /* LaunchScreen.storyboard */,
				B3EA20D12508B8CB00ED0C65 /* Info.plist */,
				B3EA20D22508B8CB00ED0C65 /* main.m */,
			);
			path = SingleView;
			sourceTree = "<group>";
		};
/* End PBXGroup section */

/* Begin PBXNativeTarget section */
		B3EA20BC2508B8C800ED0C65 /* SingleView */ = {
			isa = PBXNativeTarget;
			buildConfigurationList = B3EA20D62508B8CB00ED0C65 /* Build configuration list for PBXNativeTarget "SingleView" */;
			buildPhases = (
				B3EA20B92508B8C800ED0C65 /* Sources */,
				B3EA20BA2508B8C800ED0C65 /* Frameworks */,
				B3EA20BB2508B8C800ED0C65 /* Resources */,
			);
			buildRules = (
			);
			dependencies = (
			);
			name = SingleView;
			productName = SingleView;
			productReference = B3EA20BD2508B8C800ED0C65 /* SingleView.app */;
			productType = "com.apple.product-type.application";
		};
/* End PBXNativeTarget section */

/* Begin PBXProject section */
		B3EA20B52508B8C800ED0C65 /* Project object */ = {
			isa = PBXProject;
			attributes = {
				LastUpgradeCheck = 1130;
				ORGANIZATIONNAME = "KITE GAMES STUDIO";
				TargetAttributes = {
					B3EA20BC2508B8C800ED0C65 = {
						CreatedOnToolsVersion = 11.3.1;
					};
				};
			};
			buildConfigurationList = B3EA20B82508B8C800ED0C65 /* Build configuration list for PBXProject "SingleView" */;
			compatibilityVersion = "Xcode 9.3";
			developmentRegion = en;
			hasScannedForEncodings = 0;
			knownRegions = (
				en,
				Base,
			);
			mainGroup = B3EA20B42508B8C800ED0C65;
			productRefGroup = B3EA20BE2508B8C800ED0C65 /* Products */;
			projectDirPath = "";
			projectRoot = "";
			targets = (
				B3EA20BC2508B8C800ED0C65 /* SingleView */,
			);
		};
/* End PBXProject section */

/* Begin PBXResourcesBuildPhase section */
		B3EA20BB2508B8C800ED0C65 /* Resources */ = {
			isa = PBXResourcesBuildPhase;
			buildActionMask = 2147483647;
			files = (
				B3EA20D02508B8CB00ED0C65 /* LaunchScreen.storyboard in Resources */,
				B3EA20CD2508B8CB00ED0C65 /* Assets.xcassets in Resources */,
				B3EA20CB2508B8C800ED0C65 /* Main.storyboard in Resources */,
			);
			runOnlyForDeploymentPostprocessing = 0;
		};
/* End PBXResourcesBuildPhase section */

/* Begin PBXSourcesBuildPhase section */
		B3EA20B92508B8C800ED0C65 /* Sources */ = {
			isa = PBXSourcesBuildPhase;
			buildActionMask = 2147483647;
			files = (
				B3EA20C82508B8C800ED0C65 /* ViewController.m in Sources */,
				B3EA20C22508B8C800ED0C65 /* AppDelegate.m in Sources */,
				B3EA20D32508B8CB00ED0C65 /* main.m in Sources */,
				B3EA20C52508B8C800ED0C65 /* SceneDelegate.m in Sources */,
			);
			runOnlyForDeploymentPostprocessing = 0;
		};
/* End PBXSourcesBuildPhase section */

/* Begin PBXVariantGroup section */
		B3EA20C92508B8C800ED0C65 /* Main.storyboard */ = {
			isa = PBXVariantGroup;
			children = (
				B3EA20CA2508B8C800ED0C65 /* Base */,
			);
			name = Main.storyboard;
			sourceTree = "<group>";
		};
		B3EA20CE2508B8CB00ED0C65 /* LaunchScreen.storyboard */ = {
			isa = PBXVariantGroup;
			children = (
				B3EA20CF2508B8CB00ED0C65 /* Base */,
			);
			name = LaunchScreen.storyboard;
			sourceTree = "<group>";
		};
/* End PBXVariantGroup section */

/* Begin XCBuildConfiguration section */
		B3EA20D42508B8CB00ED0C65 /* Debug */ = {
			isa = XCBuildConfiguration;
			buildSettings = {
				ALWAYS_SEARCH_USER_PATHS = NO;
				CLANG_ANALYZER_NONNULL = YES;
				CLANG_ANALYZER_NUMBER_OBJECT_CONVERSION = YES_AGGRESSIVE;
				CLANG_CXX_LANGUAGE_STANDARD = "gnu++14";
				CLANG_CXX_LIBRARY = "libc++";
				CLANG_ENABLE_MODULES = YES;
				CLANG_ENABLE_OBJC_ARC = YES;
				CLANG_ENABLE_OBJC_WEAK = YES;
				CLANG_WARN_BLOCK_CAPTURE_AUTORELEASING = YES;
				CLANG_WARN_BOOL_CONVERSION = YES;
				CLANG_WARN_COMMA = YES;
				CLANG_WARN_CONSTANT_CONVERSION = YES;
				CLANG_WARN_DEPRECATED_OBJC_IMPLEMENTATIONS = YES;
				CLANG_WARN_DIRECT_OBJC_ISA_USAGE = YES_ERROR;
				CLANG_WARN_DOCUMENTATION_COMMENTS = YES;
				CLANG_WARN_EMPTY_BODY = YES;
				CLANG_WARN_ENUM_CONVERSION = YES;
				CLANG_WARN_INFINITE_RECURSION = YES;
				CLANG_WARN_INT_CONVERSION = YES;
				CLANG_WARN_NON_LITERAL_NULL_CONVERSION = YES;
				CLANG_WARN_OBJC_IMPLICIT_RETAIN_SELF = YES;
				CLANG_WARN_OBJC_LITERAL_CONVERSION = YES;
				CLANG_WARN_OBJC_ROOT_CLASS = YES_ERROR;
				CLANG_WARN_RANGE_LOOP_ANALYSIS = YES;
				CLANG_WARN_STRICT_PROTOTYPES = YES;
				CLANG_WARN_SUSPICIOUS_MOVE = YES;
				CLANG_WARN_UNGUARDED_AVAILABILITY = YES_AGGRESSIVE;
				CLANG_WARN_UNREACHABLE_CODE = YES;
				CLANG_WARN__DUPLICATE_METHOD_MATCH = YES;
				COPY_PHASE_STRIP = NO;
				DEBUG_INFORMATION_FORMAT = dwarf;
				ENABLE_STRICT_OBJC_MSGSEND = YES;
				ENABLE_TESTABILITY = YES;
				GCC_C_LANGUAGE_STANDARD = gnu11;
				GCC_DYNAMIC_NO_PIC = NO;
				GCC_NO_COMMON_BLOCKS = YES;
				GCC_OPTIMIZATION_LEVEL = 0;
				GCC_PREPROCESSOR_DEFINITIONS = (
					"DEBUG=1",
					"$(inherited)",
				);
				GCC_WARN_64_TO_32_BIT_CONVERSION = YES;
				GCC_WARN_ABOUT_RETURN_TYPE = YES_ERROR;
				GCC_WARN_UNDECLARED_SELECTOR = YES;
				GCC_WARN_UNINITIALIZED_AUTOS = YES_AGGRESSIVE;
				GCC_WARN_UNUSED_FUNCTION = YES;
				GCC_WARN_UNUSED_VARIABLE = YES;
				IPHONEOS_DEPLOYMENT_TARGET = 13.2;
				MTL_ENABLE_DEBUG_INFO = INCLUDE_SOURCE;
				MTL_FAST_MATH = YES;
				ONLY_ACTIVE_ARCH = YES;
				SDKROOT = iphoneos;
			};
			name = Debug;
		};
		B3EA20D52508B8CB00ED0C65 /* Release */ = {
			isa = XCBuildConfiguration;
			buildSettings = {
				ALWAYS_SEARCH_USER_PATHS = NO;
				CLANG_ANALYZER_NONNULL = YES;
				CLANG_ANALYZER_NUMBER_OBJECT_CONVERSION = YES_AGGRESSIVE;
				CLANG_CXX_LANGUAGE_STANDARD = "gnu++14";
				CLANG_CXX_LIBRARY = "libc++";
				CLANG_ENABLE_MODULES = YES;
				CLANG_ENABLE_OBJC_ARC = YES;
				CLANG_ENABLE_OBJC_WEAK = YES;
				CLANG_WARN_BLOCK_CAPTURE_AUTORELEASING = YES;
				CLANG_WARN_BOOL_CONVERSION = YES;
				CLANG_WARN_COMMA = YES;
				CLANG_WARN_CONSTANT_CONVERSION = YES;
				CLANG_WARN_DEPRECATED_OBJC_IMPLEMENTATIONS = YES;
				CLANG_WARN_DIRECT_OBJC_ISA_USAGE = YES_ERROR;
				CLANG_WARN_DOCUMENTATION_COMMENTS = YES;
				CLANG_WARN_EMPTY_BODY = YES;
				CLANG_WARN_ENUM_CONVERSION = YES;
				CLANG_WARN_INFINITE_RECURSION = YES;
				CLANG_WARN_INT_CONVERSION = YES;
				CLANG_WARN_NON_LITERAL_NULL_CONVERSION = YES;
				CLANG_WARN_OBJC_IMPLICIT_RETAIN_SELF = YES;
				CLANG_WARN_OBJC_LITERAL_CONVERSION = YES;
				CLANG_WARN_OBJC_ROOT_CLASS = YES_ERROR;
				CLANG_WARN_RANGE_LOOP_ANALYSIS = YES;
				CLANG_WARN_STRICT_PROTOTYPES = YES;
				CLANG_WARN_SUSPICIOUS_MOVE = YES;
				CLANG_WARN_UNGUARDED_AVAILABILITY = YES_AGGRESSIVE;
				CLANG_WARN_UNREACHABLE_CODE = YES;
				CLANG_WARN__DUPLICATE_METHOD_MATCH = YES;
				COPY_PHASE_STRIP = NO;
				DEBUG_INFORMATION_FORMAT = "dwarf-with-dsym";
				ENABLE_NS_ASSERTIONS = NO;
				ENABLE_STRICT_OBJC_MSGSEND = YES;
				GCC_C_LANGUAGE_STANDARD = gnu11;
				GCC_NO_COMMON_BLOCKS = YES;
				GCC_WARN_64_TO_32_BIT_CONVERSION = YES;
				GCC_WARN_ABOUT_RETURN_TYPE = YES_ERROR;
				GCC_WARN_UNDECLARED_SELECTOR = YES;
				GCC_WARN_UNINITIALIZED_AUTOS = YES_AGGRESSIVE;
				GCC_WARN_UNUSED_FUNCTION = YES;
				GCC_WARN_UNUSED_VARIABLE = YES;
				IPHONEOS_DEPLOYMENT_TARGET = 13.2;
				MTL_ENABLE_DEBUG_INFO = NO;
				MTL_FAST_MATH = YES;
				SDKROOT = iphoneos;
				VALIDATE_PRODUCT = YES;
			};
			name = Release;
		};
		B3EA20D72508B8CB00ED0C65 /* Debug */ = {
			isa = XCBuildConfiguration;
			buildSettings = {
				ASSETCATALOG_COMPILER_APPICON_NAME = AppIcon;
				CODE_SIGN_STYLE = Automatic;
				DEVELOPMENT_TEAM = HK5V3UWRV2;
				INFOPLIST_FILE = SingleView/Info.plist;
				LD_RUNPATH_SEARCH_PATHS = (
					"$(inherited)",
					"@executable_path/Frameworks",
				);
				PRODUCT_BUNDLE_IDENTIFIER = com.test.SingleView;
				PRODUCT_NAME = "$(TARGET_NAME)";
				TARGETED_DEVICE_FAMILY = "1,2";
			};
			name = Debug;
		};
		B3EA20D82508B8CB00ED0C65 /* Release */ = {
			isa = XCBuildConfiguration;
			buildSettings = {
				ASSETCATALOG_COMPILER_APPICON_NAME = AppIcon;
				CODE_SIGN_STYLE = Automatic;
				DEVELOPMENT_TEAM = HK5V3UWRV2;
				INFOPLIST_FILE = SingleView/Info.plist;
				LD_RUNPATH_SEARCH_PATHS = (
					"$(inherited)",
					"@executable_path/Frameworks",
				);
				PRODUCT_BUNDLE_IDENTIFIER = com.test.SingleView;
				PRODUCT_NAME = "$(TARGET_NAME)";
				TARGETED_DEVICE_FAMILY = "1,2";
			};
			name = Release;
		};
/* End XCBuildConfiguration section */

/* Begin XCConfigurationList section */
		B3EA20B82508B8C800ED0C65 /* Build configuration list for PBXProject "SingleView" */ = {
			isa = XCConfigurationList;
			buildConfigurations = (
				B3EA20D42508B8CB00ED0C65 /* Debug */,
				B3EA20D52508B8CB00ED0C65 /* Release */,
			);
			defaultConfigurationIsVisible = 0;
			defaultConfigurationName = Release;
		};
		B3EA20D62508B8CB00ED0C65 /* Build configuration list for PBXNativeTarget "SingleView" */ = {
			isa = XCConfigurationList;
			buildConfigurations = (
				B3EA20D72508B8CB00ED0C65 /* Debug */,
				B3EA20D82508B8CB00ED0C65 /* Release */,
			);
			defaultConfigurationIsVisible = 0;
			defaultConfigurationName = Release;
		};
/* End XCConfigurationList section */
	};
	rootObject = B3EA20B52508B8C800ED0C65 /* Project object */;
}
