// !$*UTF8*$!
{
	archiveVersion = 1;
	classes = {
	};
	objectVersion = 50;
	objects = {

/* Begin PBXBuildFile section */
		B36AB0ED2508EE4D00263A59 /* AppDelegate.m in Sources */ = {isa = PBXBuildFile; fileRef = B36AB0EC2508EE4D00263A59 /* AppDelegate.m */; };
		B36AB0F02508EE4D00263A59 /* SceneDelegate.m in Sources */ = {isa = PBXBuildFile; fileRef = B36AB0EF2508EE4D00263A59 /* SceneDelegate.m */; };
		B36AB0F32508EE4D00263A59 /* ViewController.m in Sources */ = {isa = PBXBuildFile; fileRef = B36AB0F22508EE4D00263A59 /* ViewController.m */; };
		B36AB0F62508EE4D00263A59 /* Main.storyboard in Resources */ = {isa = PBXBuildFile; fileRef = B36AB0F42508EE4D00263A59 /* Main.storyboard */; };
		B36AB0F82508EE4E00263A59 /* Assets.xcassets in Resources */ = {isa = PBXBuildFile; fileRef = B36AB0F72508EE4E00263A59 /* Assets.xcassets */; };
		B36AB0FB2508EE4E00263A59 /* LaunchScreen.storyboard in Resources */ = {isa = PBXBuildFile; fileRef = B36AB0F92508EE4E00263A59 /* LaunchScreen.storyboard */; };
		B36AB0FE2508EE4E00263A59 /* main.m in Sources */ = {isa = PBXBuildFile; fileRef = B36AB0FD2508EE4E00263A59 /* main.m */; };
		B36AB1082508EE4E00263A59 /* SingleViewTests.m in Sources */ = {isa = PBXBuildFile; fileRef = B36AB1072508EE4E00263A59 /* SingleViewTests.m */; };
/* End PBXBuildFile section */

/* Begin PBXContainerItemProxy section */
		B36AB1042508EE4E00263A59 /* PBXContainerItemProxy */ = {
			isa = PBXContainerItemProxy;
			containerPortal = B36AB0E02508EE4D00263A59 /* Project object */;
			proxyType = 1;
			remoteGlobalIDString = B36AB0E72508EE4D00263A59;
			remoteInfo = SingleView;
		};
/* End PBXContainerItemProxy section */

/* Begin PBXFileReference section */
		B36AB0E82508EE4D00263A59 /* SingleView.app */ = {isa = PBXFileReference; explicitFileType = wrapper.application; includeInIndex = 0; path = SingleView.app; sourceTree = BUILT_PRODUCTS_DIR; };
		B36AB0EB2508EE4D00263A59 /* AppDelegate.h */ = {isa = PBXFileReference; lastKnownFileType = sourcecode.c.h; path = AppDelegate.h; sourceTree = "<group>"; };
		B36AB0EC2508EE4D00263A59 /* AppDelegate.m */ = {isa = PBXFileReference; lastKnownFileType = sourcecode.c.objc; path = AppDelegate.m; sourceTree = "<group>"; };
		B36AB0EE2508EE4D00263A59 /* SceneDelegate.h */ = {isa = PBXFileReference; lastKnownFileType = sourcecode.c.h; path = SceneDelegate.h; sourceTree = "<group>"; };
		B36AB0EF2508EE4D00263A59 /* SceneDelegate.m */ = {isa = PBXFileReference; lastKnownFileType = sourcecode.c.objc; path = SceneDelegate.m; sourceTree = "<group>"; };
		B36AB0F12508EE4D00263A59 /* ViewController.h */ = {isa = PBXFileReference; lastKnownFileType = sourcecode.c.h; path = ViewController.h; sourceTree = "<group>"; };
		B36AB0F22508EE4D00263A59 /* ViewController.m */ = {isa = PBXFileReference; lastKnownFileType = sourcecode.c.objc; path = ViewController.m; sourceTree = "<group>"; };
		B36AB0F52508EE4D00263A59 /* Base */ = {isa = PBXFileReference; lastKnownFileType = file.storyboard; name = Base; path = Base.lproj/Main.storyboard; sourceTree = "<group>"; };
		B36AB0F72508EE4E00263A59 /* Assets.xcassets */ = {isa = PBXFileReference; lastKnownFileType = folder.assetcatalog; path = Assets.xcassets; sourceTree = "<group>"; };
		B36AB0FA2508EE4E00263A59 /* Base */ = {isa = PBXFileReference; lastKnownFileType = file.storyboard; name = Base; path = Base.lproj/LaunchScreen.storyboard; sourceTree = "<group>"; };
		B36AB0FC2508EE4E00263A59 /* Info.plist */ = {isa = PBXFileReference; lastKnownFileType = text.plist.xml; path = Info.plist; sourceTree = "<group>"; };
		B36AB0FD2508EE4E00263A59 /* main.m */ = {isa = PBXFileReference; lastKnownFileType = sourcecode.c.objc; path = main.m; sourceTree = "<group>"; };
		B36AB1032508EE4E00263A59 /* SingleViewTests.xctest */ = {isa = PBXFileReference; explicitFileType = wrapper.cfbundle; includeInIndex = 0; path = SingleViewTests.xctest; sourceTree = BUILT_PRODUCTS_DIR; };
		B36AB1072508EE4E00263A59 /* SingleViewTests.m */ = {isa = PBXFileReference; lastKnownFileType = sourcecode.c.objc; path = SingleViewTests.m; sourceTree = "<group>"; };
		B36AB1092508EE4E00263A59 /* Info.plist */ = {isa = PBXFileReference; lastKnownFileType = text.plist.xml; path = Info.plist; sourceTree = "<group>"; };
/* End PBXFileReference section */

/* Begin PBXFrameworksBuildPhase section */
		B36AB0E52508EE4D00263A59 /* Frameworks */ = {
			isa = PBXFrameworksBuildPhase;
			buildActionMask = 2147483647;
			files = (
			);
			runOnlyForDeploymentPostprocessing = 0;
		};
		B36AB1002508EE4E00263A59 /* Frameworks */ = {
			isa = PBXFrameworksBuildPhase;
			buildActionMask = 2147483647;
			files = (
			);
			runOnlyForDeploymentPostprocessing = 0;
		};
/* End PBXFrameworksBuildPhase section */

/* Begin PBXGroup section */
		B36AB0DF2508EE4D00263A59 = {
			isa = PBXGroup;
			children = (
				B36AB0EA2508EE4D00263A59 /* SingleView */,
				B36AB1062508EE4E00263A59 /* SingleViewTests */,
				B36AB0E92508EE4D00263A59 /* Products */,
			);
			sourceTree = "<group>";
		};
		B36AB0E92508EE4D00263A59 /* Products */ = {
			isa = PBXGroup;
			children = (
				B36AB0E82508EE4D00263A59 /* SingleView.app */,
				B36AB1032508EE4E00263A59 /* SingleViewTests.xctest */,
			);
			name = Products;
			sourceTree = "<group>";
		};
		B36AB0EA2508EE4D00263A59 /* SingleView */ = {
			isa = PBXGroup;
			children = (
				B36AB0EB2508EE4D00263A59 /* AppDelegate.h */,
				B36AB0EC2508EE4D00263A59 /* AppDelegate.m */,
				B36AB0EE2508EE4D00263A59 /* SceneDelegate.h */,
				B36AB0EF2508EE4D00263A59 /* SceneDelegate.m */,
				B36AB0F12508EE4D00263A59 /* ViewController.h */,
				B36AB0F22508EE4D00263A59 /* ViewController.m */,
				B36AB0F42508EE4D00263A59 /* Main.storyboard */,
				B36AB0F72508EE4E00263A59 /* Assets.xcassets */,
				B36AB0F92508EE4E00263A59 /* LaunchScreen.storyboard */,
				B36AB0FC2508EE4E00263A59 /* Info.plist */,
				B36AB0FD2508EE4E00263A59 /* main.m */,
			);
			path = SingleView;
			sourceTree = "<group>";
		};
		B36AB1062508EE4E00263A59 /* SingleViewTests */ = {
			isa = PBXGroup;
			children = (
				B36AB1072508EE4E00263A59 /* SingleViewTests.m */,
				B36AB1092508EE4E00263A59 /* Info.plist */,
			);
			path = SingleViewTests;
			sourceTree = "<group>";
		};
/* End PBXGroup section */

/* Begin PBXNativeTarget section */
		B36AB0E72508EE4D00263A59 /* SingleView */ = {
			isa = PBXNativeTarget;
			buildConfigurationList = B36AB10C2508EE4E00263A59 /* Build configuration list for PBXNativeTarget "SingleView" */;
			buildPhases = (
				B36AB0E42508EE4D00263A59 /* Sources */,
				B36AB0E52508EE4D00263A59 /* Frameworks */,
				B36AB0E62508EE4D00263A59 /* Resources */,
			);
			buildRules = (
			);
			dependencies = (
			);
			name = SingleView;
			productName = SingleView;
			productReference = B36AB0E82508EE4D00263A59 /* SingleView.app */;
			productType = "com.apple.product-type.application";
		};
		B36AB1022508EE4E00263A59 /* SingleViewTests */ = {
			isa = PBXNativeTarget;
			buildConfigurationList = B36AB10F2508EE4E00263A59 /* Build configuration list for PBXNativeTarget "SingleViewTests" */;
			buildPhases = (
				B36AB0FF2508EE4E00263A59 /* Sources */,
				B36AB1002508EE4E00263A59 /* Frameworks */,
				B36AB1012508EE4E00263A59 /* Resources */,
			);
			buildRules = (
			);
			dependencies = (
				B36AB1052508EE4E00263A59 /* PBXTargetDependency */,
			);
			name = SingleViewTests;
			productName = SingleViewTests;
			productReference = B36AB1032508EE4E00263A59 /* SingleViewTests.xctest */;
			productType = "com.apple.product-type.bundle.unit-test";
		};
/* End PBXNativeTarget section */

/* Begin PBXProject section */
		B36AB0E02508EE4D00263A59 /* Project object */ = {
			isa = PBXProject;
			attributes = {
				LastUpgradeCheck = 1130;
				ORGANIZATIONNAME = "KITE GAMES STUDIO";
				TargetAttributes = {
					B36AB0E72508EE4D00263A59 = {
						CreatedOnToolsVersion = 11.3.1;
					};
					B36AB1022508EE4E00263A59 = {
						CreatedOnToolsVersion = 11.3.1;
						TestTargetID = B36AB0E72508EE4D00263A59;
					};
				};
			};
			buildConfigurationList = B36AB0E32508EE4D00263A59 /* Build configuration list for PBXProject "SingleView" */;
			compatibilityVersion = "Xcode 9.3";
			developmentRegion = en;
			hasScannedForEncodings = 0;
			knownRegions = (
				en,
				Base,
			);
			mainGroup = B36AB0DF2508EE4D00263A59;
			productRefGroup = B36AB0E92508EE4D00263A59 /* Products */;
			projectDirPath = "";
			projectRoot = "";
			targets = (
				B36AB0E72508EE4D00263A59 /* SingleView */,
				B36AB1022508EE4E00263A59 /* SingleViewTests */,
			);
		};
/* End PBXProject section */

/* Begin PBXResourcesBuildPhase section */
		B36AB0E62508EE4D00263A59 /* Resources */ = {
			isa = PBXResourcesBuildPhase;
			buildActionMask = 2147483647;
			files = (
				B36AB0FB2508EE4E00263A59 /* LaunchScreen.storyboard in Resources */,
				B36AB0F82508EE4E00263A59 /* Assets.xcassets in Resources */,
				B36AB0F62508EE4D00263A59 /* Main.storyboard in Resources */,
			);
			runOnlyForDeploymentPostprocessing = 0;
		};
		B36AB1012508EE4E00263A59 /* Resources */ = {
			isa = PBXResourcesBuildPhase;
			buildActionMask = 2147483647;
			files = (
			);
			runOnlyForDeploymentPostprocessing = 0;
		};
/* End PBXResourcesBuildPhase section */

/* Begin PBXSourcesBuildPhase section */
		B36AB0E42508EE4D00263A59 /* Sources */ = {
			isa = PBXSourcesBuildPhase;
			buildActionMask = 2147483647;
			files = (
				B36AB0F32508EE4D00263A59 /* ViewController.m in Sources */,
				B36AB0ED2508EE4D00263A59 /* AppDelegate.m in Sources */,
				B36AB0FE2508EE4E00263A59 /* main.m in Sources */,
				B36AB0F02508EE4D00263A59 /* SceneDelegate.m in Sources */,
			);
			runOnlyForDeploymentPostprocessing = 0;
		};
		B36AB0FF2508EE4E00263A59 /* Sources */ = {
			isa = PBXSourcesBuildPhase;
			buildActionMask = 2147483647;
			files = (
				B36AB1082508EE4E00263A59 /* SingleViewTests.m in Sources */,
			);
			runOnlyForDeploymentPostprocessing = 0;
		};
/* End PBXSourcesBuildPhase section */

/* Begin PBXTargetDependency section */
		B36AB1052508EE4E00263A59 /* PBXTargetDependency */ = {
			isa = PBXTargetDependency;
			target = B36AB0E72508EE4D00263A59 /* SingleView */;
			targetProxy = B36AB1042508EE4E00263A59 /* PBXContainerItemProxy */;
		};
/* End PBXTargetDependency section */

/* Begin PBXVariantGroup section */
		B36AB0F42508EE4D00263A59 /* Main.storyboard */ = {
			isa = PBXVariantGroup;
			children = (
				B36AB0F52508EE4D00263A59 /* Base */,
			);
			name = Main.storyboard;
			sourceTree = "<group>";
		};
		B36AB0F92508EE4E00263A59 /* LaunchScreen.storyboard */ = {
			isa = PBXVariantGroup;
			children = (
				B36AB0FA2508EE4E00263A59 /* Base */,
			);
			name = LaunchScreen.storyboard;
			sourceTree = "<group>";
		};
/* End PBXVariantGroup section */

/* Begin XCBuildConfiguration section */
		B36AB10A2508EE4E00263A59 /* Debug */ = {
			isa = XCBuildConfiguration;
			buildSettings = {
				ALWAYS_SEARCH_USER_PATHS = NO;
				CLANG_ANALYZER_NONNULL = YES;
				CLANG_ANALYZER_NUMBER_OBJECT_CONVERSION = YES_AGGRESSIVE;
				CLANG_CXX_LANGUAGE_STANDARD = "gnu++14";
				CLANG_CXX_LIBRARY = "libc++";
				CLANG_ENABLE_MODULES = YES;
				CLANG_ENABLE_OBJC_ARC = YES;
				CLANG_ENABLE_OBJC_WEAK = YES;
				CLANG_WARN_BLOCK_CAPTURE_AUTORELEASING = YES;
				CLANG_WARN_BOOL_CONVERSION = YES;
				CLANG_WARN_COMMA = YES;
				CLANG_WARN_CONSTANT_CONVERSION = YES;
				CLANG_WARN_DEPRECATED_OBJC_IMPLEMENTATIONS = YES;
				CLANG_WARN_DIRECT_OBJC_ISA_USAGE = YES_ERROR;
				CLANG_WARN_DOCUMENTATION_COMMENTS = YES;
				CLANG_WARN_EMPTY_BODY = YES;
				CLANG_WARN_ENUM_CONVERSION = YES;
				CLANG_WARN_INFINITE_RECURSION = YES;
				CLANG_WARN_INT_CONVERSION = YES;
				CLANG_WARN_NON_LITERAL_NULL_CONVERSION = YES;
				CLANG_WARN_OBJC_IMPLICIT_RETAIN_SELF = YES;
				CLANG_WARN_OBJC_LITERAL_CONVERSION = YES;
				CLANG_WARN_OBJC_ROOT_CLASS = YES_ERROR;
				CLANG_WARN_RANGE_LOOP_ANALYSIS = YES;
				CLANG_WARN_STRICT_PROTOTYPES = YES;
				CLANG_WARN_SUSPICIOUS_MOVE = YES;
				CLANG_WARN_UNGUARDED_AVAILABILITY = YES_AGGRESSIVE;
				CLANG_WARN_UNREACHABLE_CODE = YES;
				CLANG_WARN__DUPLICATE_METHOD_MATCH = YES;
				COPY_PHASE_STRIP = NO;
				DEBUG_INFORMATION_FORMAT = dwarf;
				ENABLE_STRICT_OBJC_MSGSEND = YES;
				ENABLE_TESTABILITY = YES;
				GCC_C_LANGUAGE_STANDARD = gnu11;
				GCC_DYNAMIC_NO_PIC = NO;
				GCC_NO_COMMON_BLOCKS = YES;
				GCC_OPTIMIZATION_LEVEL = 0;
				GCC_PREPROCESSOR_DEFINITIONS = (
					"DEBUG=1",
					"$(inherited)",
				);
				GCC_WARN_64_TO_32_BIT_CONVERSION = YES;
				GCC_WARN_ABOUT_RETURN_TYPE = YES_ERROR;
				GCC_WARN_UNDECLARED_SELECTOR = YES;
				GCC_WARN_UNINITIALIZED_AUTOS = YES_AGGRESSIVE;
				GCC_WARN_UNUSED_FUNCTION = YES;
				GCC_WARN_UNUSED_VARIABLE = YES;
				IPHONEOS_DEPLOYMENT_TARGET = 13.2;
				MTL_ENABLE_DEBUG_INFO = INCLUDE_SOURCE;
				MTL_FAST_MATH = YES;
				ONLY_ACTIVE_ARCH = YES;
				SDKROOT = iphoneos;
			};
			name = Debug;
		};
		B36AB10B2508EE4E00263A59 /* Release */ = {
			isa = XCBuildConfiguration;
			buildSettings = {
				ALWAYS_SEARCH_USER_PATHS = NO;
				CLANG_ANALYZER_NONNULL = YES;
				CLANG_ANALYZER_NUMBER_OBJECT_CONVERSION = YES_AGGRESSIVE;
				CLANG_CXX_LANGUAGE_STANDARD = "gnu++14";
				CLANG_CXX_LIBRARY = "libc++";
				CLANG_ENABLE_MODULES = YES;
				CLANG_ENABLE_OBJC_ARC = YES;
				CLANG_ENABLE_OBJC_WEAK = YES;
				CLANG_WARN_BLOCK_CAPTURE_AUTORELEASING = YES;
				CLANG_WARN_BOOL_CONVERSION = YES;
				CLANG_WARN_COMMA = YES;
				CLANG_WARN_CONSTANT_CONVERSION = YES;
				CLANG_WARN_DEPRECATED_OBJC_IMPLEMENTATIONS = YES;
				CLANG_WARN_DIRECT_OBJC_ISA_USAGE = YES_ERROR;
				CLANG_WARN_DOCUMENTATION_COMMENTS = YES;
				CLANG_WARN_EMPTY_BODY = YES;
				CLANG_WARN_ENUM_CONVERSION = YES;
				CLANG_WARN_INFINITE_RECURSION = YES;
				CLANG_WARN_INT_CONVERSION = YES;
				CLANG_WARN_NON_LITERAL_NULL_CONVERSION = YES;
				CLANG_WARN_OBJC_IMPLICIT_RETAIN_SELF = YES;
				CLANG_WARN_OBJC_LITERAL_CONVERSION = YES;
				CLANG_WARN_OBJC_ROOT_CLASS = YES_ERROR;
				CLANG_WARN_RANGE_LOOP_ANALYSIS = YES;
				CLANG_WARN_STRICT_PROTOTYPES = YES;
				CLANG_WARN_SUSPICIOUS_MOVE = YES;
				CLANG_WARN_UNGUARDED_AVAILABILITY = YES_AGGRESSIVE;
				CLANG_WARN_UNREACHABLE_CODE = YES;
				CLANG_WARN__DUPLICATE_METHOD_MATCH = YES;
				COPY_PHASE_STRIP = NO;
				DEBUG_INFORMATION_FORMAT = "dwarf-with-dsym";
				ENABLE_NS_ASSERTIONS = NO;
				ENABLE_STRICT_OBJC_MSGSEND = YES;
				GCC_C_LANGUAGE_STANDARD = gnu11;
				GCC_NO_COMMON_BLOCKS = YES;
				GCC_WARN_64_TO_32_BIT_CONVERSION = YES;
				GCC_WARN_ABOUT_RETURN_TYPE = YES_ERROR;
				GCC_WARN_UNDECLARED_SELECTOR = YES;
				GCC_WARN_UNINITIALIZED_AUTOS = YES_AGGRESSIVE;
				GCC_WARN_UNUSED_FUNCTION = YES;
				GCC_WARN_UNUSED_VARIABLE = YES;
				IPHONEOS_DEPLOYMENT_TARGET = 13.2;
				MTL_ENABLE_DEBUG_INFO = NO;
				MTL_FAST_MATH = YES;
				SDKROOT = iphoneos;
				VALIDATE_PRODUCT = YES;
			};
			name = Release;
		};
		B36AB10D2508EE4E00263A59 /* Debug */ = {
			isa = XCBuildConfiguration;
			buildSettings = {
				ASSETCATALOG_COMPILER_APPICON_NAME = AppIcon;
				CODE_SIGN_STYLE = Automatic;
				DEVELOPMENT_TEAM = HK5V3UWRV2;
				INFOPLIST_FILE = SingleView/Info.plist;
				IPHONEOS_DEPLOYMENT_TARGET = 13.0;
				LD_RUNPATH_SEARCH_PATHS = (
					"$(inherited)",
					"@executable_path/Frameworks",
				);
				PRODUCT_BUNDLE_IDENTIFIER = com.test.SingleView;
				PRODUCT_NAME = "$(TARGET_NAME)";
				TARGETED_DEVICE_FAMILY = "1,2";
			};
			name = Debug;
		};
		B36AB10E2508EE4E00263A59 /* Release */ = {
			isa = XCBuildConfiguration;
			buildSettings = {
				ASSETCATALOG_COMPILER_APPICON_NAME = AppIcon;
				CODE_SIGN_STYLE = Automatic;
				DEVELOPMENT_TEAM = HK5V3UWRV2;
				INFOPLIST_FILE = SingleView/Info.plist;
				IPHONEOS_DEPLOYMENT_TARGET = 13.0;
				LD_RUNPATH_SEARCH_PATHS = (
					"$(inherited)",
					"@executable_path/Frameworks",
				);
				PRODUCT_BUNDLE_IDENTIFIER = com.test.SingleView;
				PRODUCT_NAME = "$(TARGET_NAME)";
				TARGETED_DEVICE_FAMILY = "1,2";
			};
			name = Release;
		};
		B36AB1102508EE4E00263A59 /* Debug */ = {
			isa = XCBuildConfiguration;
			buildSettings = {
				BUNDLE_LOADER = "$(TEST_HOST)";
				CODE_SIGN_STYLE = Automatic;
				DEVELOPMENT_TEAM = HK5V3UWRV2;
				INFOPLIST_FILE = SingleViewTests/Info.plist;
				IPHONEOS_DEPLOYMENT_TARGET = 13.2;
				LD_RUNPATH_SEARCH_PATHS = (
					"$(inherited)",
					"@executable_path/Frameworks",
					"@loader_path/Frameworks",
				);
				PRODUCT_BUNDLE_IDENTIFIER = com.test.SingleViewTests;
				PRODUCT_NAME = "$(TARGET_NAME)";
				TARGETED_DEVICE_FAMILY = "1,2";
				TEST_HOST = "$(BUILT_PRODUCTS_DIR)/SingleView.app/SingleView";
			};
			name = Debug;
		};
		B36AB1112508EE4E00263A59 /* Release */ = {
			isa = XCBuildConfiguration;
			buildSettings = {
				BUNDLE_LOADER = "$(TEST_HOST)";
				CODE_SIGN_STYLE = Automatic;
				DEVELOPMENT_TEAM = HK5V3UWRV2;
				INFOPLIST_FILE = SingleViewTests/Info.plist;
				IPHONEOS_DEPLOYMENT_TARGET = 13.2;
				LD_RUNPATH_SEARCH_PATHS = (
					"$(inherited)",
					"@executable_path/Frameworks",
					"@loader_path/Frameworks",
				);
				PRODUCT_BUNDLE_IDENTIFIER = com.test.SingleViewTests;
				PRODUCT_NAME = "$(TARGET_NAME)";
				TARGETED_DEVICE_FAMILY = "1,2";
				TEST_HOST = "$(BUILT_PRODUCTS_DIR)/SingleView.app/SingleView";
			};
			name = Release;
		};
/* End XCBuildConfiguration section */

/* Begin XCConfigurationList section */
		B36AB0E32508EE4D00263A59 /* Build configuration list for PBXProject "SingleView" */ = {
			isa = XCConfigurationList;
			buildConfigurations = (
				B36AB10A2508EE4E00263A59 /* Debug */,
				B36AB10B2508EE4E00263A59 /* Release */,
			);
			defaultConfigurationIsVisible = 0;
			defaultConfigurationName = Release;
		};
		B36AB10C2508EE4E00263A59 /* Build configuration list for PBXNativeTarget "SingleView" */ = {
			isa = XCConfigurationList;
			buildConfigurations = (
				B36AB10D2508EE4E00263A59 /* Debug */,
				B36AB10E2508EE4E00263A59 /* Release */,
			);
			defaultConfigurationIsVisible = 0;
			defaultConfigurationName = Release;
		};
		B36AB10F2508EE4E00263A59 /* Build configuration list for PBXNativeTarget "SingleViewTests" */ = {
			isa = XCConfigurationList;
			buildConfigurations = (
				B36AB1102508EE4E00263A59 /* Debug */,
				B36AB1112508EE4E00263A59 /* Release */,
			);
			defaultConfigurationIsVisible = 0;
			defaultConfigurationName = Release;
		};
/* End XCConfigurationList section */
	};
	rootObject = B36AB0E02508EE4D00263A59 /* Project object */;
}
